
Microsoft Visual Studio Solution File, Format Version 12.00
# Visual Studio Version 16
VisualStudioVersion = 16.0.29006.145
MinimumVisualStudioVersion = 15.0.26124.0
Project("{2150E333-8FDC-42A3-9474-1A3956D46DE8}") = "src", "src", "{FB1E59F6-3502-4637-875B-4A22FE786735}"
EndProject
Project("{2150E333-8FDC-42A3-9474-1A3956D46DE8}") = "Solution Items", "Solution Items", "{41DA764F-B31B-46C5-8ECD-603D79912EE1}"
	ProjectSection(SolutionItems) = preProject
		.editorconfig = .editorconfig
		.gitattributes = .gitattributes
		.gitignore = .gitignore
		.gitmodules = .gitmodules
		AllRules.ruleset = AllRules.ruleset
		azure-pipelines.yml = azure-pipelines.yml
		Directory.Build.props = Directory.Build.props
		Directory.Meta.props = Directory.Meta.props
		Directory.Version.props = Directory.Version.props
		LICENSE = LICENSE
	EndProjectSection
EndProject
Project("{9A19103F-16F7-4668-BE54-9A1E7A4F7556}") = "THNETII.AzureDevOps.Pipelines.MSBuild", "src\THNETII.AzureDevOps.Pipelines.MSBuild\THNETII.AzureDevOps.Pipelines.MSBuild.csproj", "{12899C3C-BACF-4A58-8FC0-7A5173E47755}"
EndProject
Project("{9A19103F-16F7-4668-BE54-9A1E7A4F7556}") = "THNETII.AzureDevOps.Pipelines.VstsTaskSdk", "src\THNETII.AzureDevOps.Pipelines.VstsTaskSdk\THNETII.AzureDevOps.Pipelines.VstsTaskSdk.csproj", "{4C3E2C3C-5C25-4A29-BDF7-7FC18852787E}"
EndProject
Project("{9A19103F-16F7-4668-BE54-9A1E7A4F7556}") = "THNETII.AzureDevOps.Pipelines.Logging", "src\THNETII.AzureDevOps.Pipelines.Logging\THNETII.AzureDevOps.Pipelines.Logging.csproj", "{8E4AD90F-15BA-4966-83FE-6AAE4E42746C}"
EndProject
Project("{2150E333-8FDC-42A3-9474-1A3956D46DE8}") = "test", "test", "{0839D8B5-8317-43B9-BA64-F4AE917FA1DF}"
EndProject
Project("{FAE04EC0-301F-11D3-BF4B-00C04F79EFBC}") = "THNETII.AzureDevOps.Pipelines.Test", "test\THNETII.AzureDevOps.Pipelines.Test\THNETII.AzureDevOps.Pipelines.Test.csproj", "{FA44F4C0-FC76-4A7F-B7B4-B1E405C9ABD7}"
EndProject
Global
	GlobalSection(SolutionConfigurationPlatforms) = preSolution
		Debug|Any CPU = Debug|Any CPU
		Debug|x64 = Debug|x64
		Debug|x86 = Debug|x86
		Release|Any CPU = Release|Any CPU
		Release|x64 = Release|x64
		Release|x86 = Release|x86
	EndGlobalSection
	GlobalSection(ProjectConfigurationPlatforms) = postSolution
		{12899C3C-BACF-4A58-8FC0-7A5173E47755}.Debug|Any CPU.ActiveCfg = Debug|Any CPU
		{12899C3C-BACF-4A58-8FC0-7A5173E47755}.Debug|Any CPU.Build.0 = Debug|Any CPU
		{12899C3C-BACF-4A58-8FC0-7A5173E47755}.Debug|x64.ActiveCfg = Debug|Any CPU
		{12899C3C-BACF-4A58-8FC0-7A5173E47755}.Debug|x64.Build.0 = Debug|Any CPU
		{12899C3C-BACF-4A58-8FC0-7A5173E47755}.Debug|x86.ActiveCfg = Debug|Any CPU
		{12899C3C-BACF-4A58-8FC0-7A5173E47755}.Debug|x86.Build.0 = Debug|Any CPU
		{12899C3C-BACF-4A58-8FC0-7A5173E47755}.Release|Any CPU.ActiveCfg = Release|Any CPU
		{12899C3C-BACF-4A58-8FC0-7A5173E47755}.Release|Any CPU.Build.0 = Release|Any CPU
		{12899C3C-BACF-4A58-8FC0-7A5173E47755}.Release|x64.ActiveCfg = Release|Any CPU
		{12899C3C-BACF-4A58-8FC0-7A5173E47755}.Release|x64.Build.0 = Release|Any CPU
		{12899C3C-BACF-4A58-8FC0-7A5173E47755}.Release|x86.ActiveCfg = Release|Any CPU
		{12899C3C-BACF-4A58-8FC0-7A5173E47755}.Release|x86.Build.0 = Release|Any CPU
		{4C3E2C3C-5C25-4A29-BDF7-7FC18852787E}.Debug|Any CPU.ActiveCfg = Debug|Any CPU
		{4C3E2C3C-5C25-4A29-BDF7-7FC18852787E}.Debug|Any CPU.Build.0 = Debug|Any CPU
		{4C3E2C3C-5C25-4A29-BDF7-7FC18852787E}.Debug|x64.ActiveCfg = Debug|Any CPU
		{4C3E2C3C-5C25-4A29-BDF7-7FC18852787E}.Debug|x64.Build.0 = Debug|Any CPU
		{4C3E2C3C-5C25-4A29-BDF7-7FC18852787E}.Debug|x86.ActiveCfg = Debug|Any CPU
		{4C3E2C3C-5C25-4A29-BDF7-7FC18852787E}.Debug|x86.Build.0 = Debug|Any CPU
		{4C3E2C3C-5C25-4A29-BDF7-7FC18852787E}.Release|Any CPU.ActiveCfg = Release|Any CPU
		{4C3E2C3C-5C25-4A29-BDF7-7FC18852787E}.Release|Any CPU.Build.0 = Release|Any CPU
		{4C3E2C3C-5C25-4A29-BDF7-7FC18852787E}.Release|x64.ActiveCfg = Release|Any CPU
		{4C3E2C3C-5C25-4A29-BDF7-7FC18852787E}.Release|x64.Build.0 = Release|Any CPU
		{4C3E2C3C-5C25-4A29-BDF7-7FC18852787E}.Release|x86.ActiveCfg = Release|Any CPU
		{4C3E2C3C-5C25-4A29-BDF7-7FC18852787E}.Release|x86.Build.0 = Release|Any CPU
		{8E4AD90F-15BA-4966-83FE-6AAE4E42746C}.Debug|Any CPU.ActiveCfg = Debug|Any CPU
		{8E4AD90F-15BA-4966-83FE-6AAE4E42746C}.Debug|Any CPU.Build.0 = Debug|Any CPU
		{8E4AD90F-15BA-4966-83FE-6AAE4E42746C}.Debug|x64.ActiveCfg = Debug|Any CPU
		{8E4AD90F-15BA-4966-83FE-6AAE4E42746C}.Debug|x64.Build.0 = Debug|Any CPU
		{8E4AD90F-15BA-4966-83FE-6AAE4E42746C}.Debug|x86.ActiveCfg = Debug|Any CPU
		{8E4AD90F-15BA-4966-83FE-6AAE4E42746C}.Debug|x86.Build.0 = Debug|Any CPU
		{8E4AD90F-15BA-4966-83FE-6AAE4E42746C}.Release|Any CPU.ActiveCfg = Release|Any CPU
		{8E4AD90F-15BA-4966-83FE-6AAE4E42746C}.Release|Any CPU.Build.0 = Release|Any CPU
		{8E4AD90F-15BA-4966-83FE-6AAE4E42746C}.Release|x64.ActiveCfg = Release|Any CPU
		{8E4AD90F-15BA-4966-83FE-6AAE4E42746C}.Release|x64.Build.0 = Release|Any CPU
		{8E4AD90F-15BA-4966-83FE-6AAE4E42746C}.Release|x86.ActiveCfg = Release|Any CPU
		{8E4AD90F-15BA-4966-83FE-6AAE4E42746C}.Release|x86.Build.0 = Release|Any CPU
		{FA44F4C0-FC76-4A7F-B7B4-B1E405C9ABD7}.Debug|Any CPU.ActiveCfg = Debug|Any CPU
		{FA44F4C0-FC76-4A7F-B7B4-B1E405C9ABD7}.Debug|Any CPU.Build.0 = Debug|Any CPU
		{FA44F4C0-FC76-4A7F-B7B4-B1E405C9ABD7}.Debug|x64.ActiveCfg = Debug|Any CPU
		{FA44F4C0-FC76-4A7F-B7B4-B1E405C9ABD7}.Debug|x64.Build.0 = Debug|Any CPU
		{FA44F4C0-FC76-4A7F-B7B4-B1E405C9ABD7}.Debug|x86.ActiveCfg = Debug|Any CPU
		{FA44F4C0-FC76-4A7F-B7B4-B1E405C9ABD7}.Debug|x86.Build.0 = Debug|Any CPU
		{FA44F4C0-FC76-4A7F-B7B4-B1E405C9ABD7}.Release|Any CPU.ActiveCfg = Release|Any CPU
		{FA44F4C0-FC76-4A7F-B7B4-B1E405C9ABD7}.Release|Any CPU.Build.0 = Release|Any CPU
		{FA44F4C0-FC76-4A7F-B7B4-B1E405C9ABD7}.Release|x64.ActiveCfg = Release|Any CPU
		{FA44F4C0-FC76-4A7F-B7B4-B1E405C9ABD7}.Release|x64.Build.0 = Release|Any CPU
		{FA44F4C0-FC76-4A7F-B7B4-B1E405C9ABD7}.Release|x86.ActiveCfg = Release|Any CPU
		{FA44F4C0-FC76-4A7F-B7B4-B1E405C9ABD7}.Release|x86.Build.0 = Release|Any CPU
	EndGlobalSection
	GlobalSection(SolutionProperties) = preSolution
		HideSolutionNode = FALSE
	EndGlobalSection
	GlobalSection(NestedProjects) = preSolution
		{12899C3C-BACF-4A58-8FC0-7A5173E47755} = {FB1E59F6-3502-4637-875B-4A22FE786735}
		{4C3E2C3C-5C25-4A29-BDF7-7FC18852787E} = {FB1E59F6-3502-4637-875B-4A22FE786735}
		{8E4AD90F-15BA-4966-83FE-6AAE4E42746C} = {FB1E59F6-3502-4637-875B-4A22FE786735}
		{FA44F4C0-FC76-4A7F-B7B4-B1E405C9ABD7} = {0839D8B5-8317-43B9-BA64-F4AE917FA1DF}
	EndGlobalSection
	GlobalSection(ExtensibilityGlobals) = postSolution
		SolutionGuid = {0BFD1F58-4ABD-4668-986D-C3576ACF2CDA}
	EndGlobalSection
EndGlobal
